
Microsoft Visual Studio Solution File, Format Version 12.00
# Visual Studio Version 17
VisualStudioVersion = 17.2.32526.322
MinimumVisualStudioVersion = 10.0.40219.1
Project("{FAE04EC0-301F-11D3-BF4B-00C04F79EFBC}") = "SaintCustom", "SaintCustom\SaintCustom.csproj", "{A6B6C979-25FE-4653-B41E-EF6C0A517805}"
EndProject
Global
	GlobalSection(SolutionConfigurationPlatforms) = preSolution
		Debug|Any CPU = Debug|Any CPU
		Release|Any CPU = Release|Any CPU
	EndGlobalSection
	GlobalSection(ProjectConfigurationPlatforms) = postSolution
		{A6B6C979-25FE-4653-B41E-EF6C0A517805}.Debug|Any CPU.ActiveCfg = Debug|Any CPU
		{A6B6C979-25FE-4653-B41E-EF6C0A517805}.Debug|Any CPU.Build.0 = Debug|Any CPU
		{A6B6C979-25FE-4653-B41E-EF6C0A517805}.Release|Any CPU.ActiveCfg = Release|Any CPU
		{A6B6C979-25FE-4653-B41E-EF6C0A517805}.Release|Any CPU.Build.0 = Release|Any CPU
	EndGlobalSection
	GlobalSection(SolutionProperties) = preSolution
		HideSolutionNode = FALSE
	EndGlobalSection
	GlobalSection(ExtensibilityGlobals) = postSolution
		SolutionGuid = {EAA747E3-D825-49B7-80BA-344708AA11AF}
	EndGlobalSection
EndGlobal
